// !$*UTF8*$!
{
	archiveVersion = 1;
	classes = {
	};
	objectVersion = 77;
	objects = {

/* Begin PBXBuildFile section */
		AF28B69E2DD7C355005C918D /* Player.swift in Sources */ = {isa = PBXBuildFile; fileRef = AF28B68D2DD7C355005C918D /* Player.swift */; };
		AF28B69F2DD7C355005C918D /* PlayerDetail.swift in Sources */ = {isa = PBXBuildFile; fileRef = AF28B68E2DD7C355005C918D /* PlayerDetail.swift */; };
		AF28B6A02DD7C355005C918D /* PlayerDetailViewModel.swift in Sources */ = {isa = PBXBuildFile; fileRef = AF28B6922DD7C355005C918D /* PlayerDetailViewModel.swift */; };
		AF28B6A12DD7C355005C918D /* PlayerViewModel.swift in Sources */ = {isa = PBXBuildFile; fileRef = AF28B6932DD7C355005C918D /* PlayerViewModel.swift */; };
		AF28B6A22DD7C355005C918D /* PlayerDetailView.swift in Sources */ = {isa = PBXBuildFile; fileRef = AF28B6952DD7C355005C918D /* PlayerDetailView.swift */; };
		AF28B6A32DD7C355005C918D /* Favourite View.swift in Sources */ = {isa = PBXBuildFile; fileRef = AF28B6962DD7C355005C918D /* Favourite View.swift */; };
		AF28B6A42DD7C355005C918D /* Landing View.swift in Sources */ = {isa = PBXBuildFile; fileRef = AF28B6972DD7C355005C918D /* Landing View.swift */; };
		AF28B6A52DD7C355005C918D /* NHLSearchView.swift in Sources */ = {isa = PBXBuildFile; fileRef = AF28B6982DD7C355005C918D /* NHLSearchView.swift */; };
		AF28B6A62DD7C355005C918D /* ContentView.swift in Sources */ = {isa = PBXBuildFile; fileRef = AF28B69B2DD7C355005C918D /* ContentView.swift */; };
		AF28B6A72DD7C355005C918D /* Culminating_Task_NHL_player_StatsApp.swift in Sources */ = {isa = PBXBuildFile; fileRef = AF28B69C2DD7C355005C918D /* Culminating_Task_NHL_player_StatsApp.swift */; };
		AF28B6A82DD7C355005C918D /* Preview Assets.xcassets in Resources */ = {isa = PBXBuildFile; fileRef = AF28B6902DD7C355005C918D /* Preview Assets.xcassets */; };
		AF28B6A92DD7C355005C918D /* Assets.xcassets in Resources */ = {isa = PBXBuildFile; fileRef = AF28B69A2DD7C355005C918D /* Assets.xcassets */; };
		AF28B6AD2DD7C37C005C918D /* Search.swift in Sources */ = {isa = PBXBuildFile; fileRef = AF28B6AC2DD7C37C005C918D /* Search.swift */; };
		AF28B6AF2DD7C397005C918D /* PlayerSearch.swift in Sources */ = {isa = PBXBuildFile; fileRef = AF28B6AE2DD7C397005C918D /* PlayerSearch.swift */; };
		AF28B6B12DD7DA0E005C918D /* PlayerInterface.swift in Sources */ = {isa = PBXBuildFile; fileRef = AF28B6B02DD7DA0E005C918D /* PlayerInterface.swift */; };
		AF28B6B32DD7DA7C005C918D /* CareerStatsView.swift in Sources */ = {isa = PBXBuildFile; fileRef = AF28B6B22DD7DA7C005C918D /* CareerStatsView.swift */; };
		AF28B6B52DD7DACD005C918D /* CareerStatsViewModel.swift in Sources */ = {isa = PBXBuildFile; fileRef = AF28B6B42DD7DACD005C918D /* CareerStatsViewModel.swift */; };
/* End PBXBuildFile section */

/* Begin PBXFileReference section */
		AF28B68D2DD7C355005C918D /* Player.swift */ = {isa = PBXFileReference; lastKnownFileType = sourcecode.swift; path = Player.swift; sourceTree = "<group>"; };
		AF28B68E2DD7C355005C918D /* PlayerDetail.swift */ = {isa = PBXFileReference; lastKnownFileType = sourcecode.swift; path = PlayerDetail.swift; sourceTree = "<group>"; };
		AF28B6902DD7C355005C918D /* Preview Assets.xcassets */ = {isa = PBXFileReference; lastKnownFileType = folder.assetcatalog; path = "Preview Assets.xcassets"; sourceTree = "<group>"; };
		AF28B6922DD7C355005C918D /* PlayerDetailViewModel.swift */ = {isa = PBXFileReference; lastKnownFileType = sourcecode.swift; path = PlayerDetailViewModel.swift; sourceTree = "<group>"; };
		AF28B6932DD7C355005C918D /* PlayerViewModel.swift */ = {isa = PBXFileReference; lastKnownFileType = sourcecode.swift; path = PlayerViewModel.swift; sourceTree = "<group>"; };
		AF28B6952DD7C355005C918D /* PlayerDetailView.swift */ = {isa = PBXFileReference; lastKnownFileType = sourcecode.swift; path = PlayerDetailView.swift; sourceTree = "<group>"; };
		AF28B6962DD7C355005C918D /* Favourite View.swift */ = {isa = PBXFileReference; lastKnownFileType = sourcecode.swift; path = "Favourite View.swift"; sourceTree = "<group>"; };
		AF28B6972DD7C355005C918D /* Landing View.swift */ = {isa = PBXFileReference; lastKnownFileType = sourcecode.swift; path = "Landing View.swift"; sourceTree = "<group>"; };
		AF28B6982DD7C355005C918D /* NHLSearchView.swift */ = {isa = PBXFileReference; lastKnownFileType = sourcecode.swift; path = NHLSearchView.swift; sourceTree = "<group>"; };
		AF28B69A2DD7C355005C918D /* Assets.xcassets */ = {isa = PBXFileReference; lastKnownFileType = folder.assetcatalog; path = Assets.xcassets; sourceTree = "<group>"; };
		AF28B69B2DD7C355005C918D /* ContentView.swift */ = {isa = PBXFileReference; lastKnownFileType = sourcecode.swift; path = ContentView.swift; sourceTree = "<group>"; };
		AF28B69C2DD7C355005C918D /* Culminating_Task_NHL_player_StatsApp.swift */ = {isa = PBXFileReference; lastKnownFileType = sourcecode.swift; path = Culminating_Task_NHL_player_StatsApp.swift; sourceTree = "<group>"; };
		AF28B6AC2DD7C37C005C918D /* Search.swift */ = {isa = PBXFileReference; lastKnownFileType = sourcecode.swift; path = Search.swift; sourceTree = "<group>"; };
		AF28B6AE2DD7C397005C918D /* PlayerSearch.swift */ = {isa = PBXFileReference; lastKnownFileType = sourcecode.swift; path = PlayerSearch.swift; sourceTree = "<group>"; };
		AF28B6B02DD7DA0E005C918D /* PlayerInterface.swift */ = {isa = PBXFileReference; lastKnownFileType = sourcecode.swift; path = PlayerInterface.swift; sourceTree = "<group>"; };
		AF28B6B22DD7DA7C005C918D /* CareerStatsView.swift */ = {isa = PBXFileReference; lastKnownFileType = sourcecode.swift; path = CareerStatsView.swift; sourceTree = "<group>"; };
		AF28B6B42DD7DACD005C918D /* CareerStatsViewModel.swift */ = {isa = PBXFileReference; lastKnownFileType = sourcecode.swift; path = CareerStatsViewModel.swift; sourceTree = "<group>"; };
		AF6C92F02DB543D90064B41F /* Culminating Task NHL player Stats.app */ = {isa = PBXFileReference; explicitFileType = wrapper.application; includeInIndex = 0; path = "Culminating Task NHL player Stats.app"; sourceTree = BUILT_PRODUCTS_DIR; };
/* End PBXFileReference section */

/* Begin PBXFrameworksBuildPhase section */
		AF6C92ED2DB543D90064B41F /* Frameworks */ = {
			isa = PBXFrameworksBuildPhase;
			buildActionMask = 2147483647;
			files = (
			);
			runOnlyForDeploymentPostprocessing = 0;
		};
/* End PBXFrameworksBuildPhase section */

/* Begin PBXGroup section */
		AF28B68C2DD7C355005C918D /* Functions */ = {
			isa = PBXGroup;
			children = (
				AF28B6AC2DD7C37C005C918D /* Search.swift */,
				AF28B6AE2DD7C397005C918D /* PlayerSearch.swift */,
			);
			path = Functions;
			sourceTree = "<group>";
		};
		AF28B68F2DD7C355005C918D /* Model */ = {
			isa = PBXGroup;
			children = (
				AF28B68D2DD7C355005C918D /* Player.swift */,
				AF28B68E2DD7C355005C918D /* PlayerDetail.swift */,
				AF28B6B02DD7DA0E005C918D /* PlayerInterface.swift */,
			);
			path = Model;
			sourceTree = "<group>";
		};
		AF28B6912DD7C355005C918D /* Preview Content */ = {
			isa = PBXGroup;
			children = (
				AF28B6902DD7C355005C918D /* Preview Assets.xcassets */,
			);
			path = "Preview Content";
			sourceTree = "<group>";
		};
		AF28B6942DD7C355005C918D /* View Model */ = {
			isa = PBXGroup;
			children = (
				AF28B6922DD7C355005C918D /* PlayerDetailViewModel.swift */,
				AF28B6932DD7C355005C918D /* PlayerViewModel.swift */,
				AF28B6B42DD7DACD005C918D /* CareerStatsViewModel.swift */,
			);
			path = "View Model";
			sourceTree = "<group>";
		};
		AF28B6992DD7C355005C918D /* Views */ = {
			isa = PBXGroup;
			children = (
				AF28B6952DD7C355005C918D /* PlayerDetailView.swift */,
				AF28B6962DD7C355005C918D /* Favourite View.swift */,
				AF28B6972DD7C355005C918D /* Landing View.swift */,
				AF28B6982DD7C355005C918D /* NHLSearchView.swift */,
				AF28B6B22DD7DA7C005C918D /* CareerStatsView.swift */,
			);
			path = Views;
			sourceTree = "<group>";
		};
		AF28B69D2DD7C355005C918D /* Culminating Task NHL player Stats */ = {
			isa = PBXGroup;
			children = (
				AF28B69C2DD7C355005C918D /* Culminating_Task_NHL_player_StatsApp.swift */,
				AF28B68C2DD7C355005C918D /* Functions */,
				AF28B68F2DD7C355005C918D /* Model */,
				AF28B6912DD7C355005C918D /* Preview Content */,
				AF28B6942DD7C355005C918D /* View Model */,
				AF28B6992DD7C355005C918D /* Views */,
				AF28B69A2DD7C355005C918D /* Assets.xcassets */,
				AF28B69B2DD7C355005C918D /* ContentView.swift */,
			);
			path = "Culminating Task NHL player Stats";
			sourceTree = "<group>";
		};
		AF6C92E72DB543D90064B41F = {
			isa = PBXGroup;
			children = (
				AF28B69D2DD7C355005C918D /* Culminating Task NHL player Stats */,
				AF6C92F12DB543D90064B41F /* Products */,
			);
			sourceTree = "<group>";
		};
		AF6C92F12DB543D90064B41F /* Products */ = {
			isa = PBXGroup;
			children = (
				AF6C92F02DB543D90064B41F /* Culminating Task NHL player Stats.app */,
			);
			name = Products;
			sourceTree = "<group>";
		};
/* End PBXGroup section */

/* Begin PBXNativeTarget section */
		AF6C92EF2DB543D90064B41F /* Culminating Task NHL player Stats */ = {
			isa = PBXNativeTarget;
			buildConfigurationList = AF6C92FE2DB543DD0064B41F /* Build configuration list for PBXNativeTarget "Culminating Task NHL player Stats" */;
			buildPhases = (
				AF6C92EC2DB543D90064B41F /* Sources */,
				AF6C92ED2DB543D90064B41F /* Frameworks */,
				AF6C92EE2DB543D90064B41F /* Resources */,
			);
			buildRules = (
			);
			dependencies = (
			);
			name = "Culminating Task NHL player Stats";
			packageProductDependencies = (
			);
			productName = "Culminating Task NHL player Stats";
			productReference = AF6C92F02DB543D90064B41F /* Culminating Task NHL player Stats.app */;
			productType = "com.apple.product-type.application";
		};
/* End PBXNativeTarget section */

/* Begin PBXProject section */
		AF6C92E82DB543D90064B41F /* Project object */ = {
			isa = PBXProject;
			attributes = {
				BuildIndependentTargetsInParallel = 1;
				LastSwiftUpdateCheck = 1600;
				LastUpgradeCheck = 1600;
				TargetAttributes = {
					AF6C92EF2DB543D90064B41F = {
						CreatedOnToolsVersion = 16.0;
					};
				};
			};
			buildConfigurationList = AF6C92EB2DB543D90064B41F /* Build configuration list for PBXProject "Culminating Task NHL player Stats" */;
			developmentRegion = en;
			hasScannedForEncodings = 0;
			knownRegions = (
				en,
				Base,
			);
			mainGroup = AF6C92E72DB543D90064B41F;
			minimizedProjectReferenceProxies = 1;
			preferredProjectObjectVersion = 77;
			productRefGroup = AF6C92F12DB543D90064B41F /* Products */;
			projectDirPath = "";
			projectRoot = "";
			targets = (
				AF6C92EF2DB543D90064B41F /* Culminating Task NHL player Stats */,
			);
		};
/* End PBXProject section */

/* Begin PBXResourcesBuildPhase section */
		AF6C92EE2DB543D90064B41F /* Resources */ = {
			isa = PBXResourcesBuildPhase;
			buildActionMask = 2147483647;
			files = (
				AF28B6A82DD7C355005C918D /* Preview Assets.xcassets in Resources */,
				AF28B6A92DD7C355005C918D /* Assets.xcassets in Resources */,
			);
			runOnlyForDeploymentPostprocessing = 0;
		};
/* End PBXResourcesBuildPhase section */

/* Begin PBXSourcesBuildPhase section */
		AF6C92EC2DB543D90064B41F /* Sources */ = {
			isa = PBXSourcesBuildPhase;
			buildActionMask = 2147483647;
			files = (
				AF28B6B52DD7DACD005C918D /* CareerStatsViewModel.swift in Sources */,
				AF28B6AD2DD7C37C005C918D /* Search.swift in Sources */,
				AF28B69E2DD7C355005C918D /* Player.swift in Sources */,
				AF28B69F2DD7C355005C918D /* PlayerDetail.swift in Sources */,
				AF28B6A02DD7C355005C918D /* PlayerDetailViewModel.swift in Sources */,
				AF28B6B32DD7DA7C005C918D /* CareerStatsView.swift in Sources */,
				AF28B6A12DD7C355005C918D /* PlayerViewModel.swift in Sources */,
				AF28B6A22DD7C355005C918D /* PlayerDetailView.swift in Sources */,
				AF28B6A32DD7C355005C918D /* Favourite View.swift in Sources */,
				AF28B6A42DD7C355005C918D /* Landing View.swift in Sources */,
				AF28B6AF2DD7C397005C918D /* PlayerSearch.swift in Sources */,
				AF28B6A52DD7C355005C918D /* NHLSearchView.swift in Sources */,
				AF28B6B12DD7DA0E005C918D /* PlayerInterface.swift in Sources */,
				AF28B6A62DD7C355005C918D /* ContentView.swift in Sources */,
				AF28B6A72DD7C355005C918D /* Culminating_Task_NHL_player_StatsApp.swift in Sources */,
			);
			runOnlyForDeploymentPostprocessing = 0;
		};
/* End PBXSourcesBuildPhase section */

/* Begin XCBuildConfiguration section */
		AF6C92FC2DB543DD0064B41F /* Debug */ = {
			isa = XCBuildConfiguration;
			buildSettings = {
				ALWAYS_SEARCH_USER_PATHS = NO;
				ASSETCATALOG_COMPILER_GENERATE_SWIFT_ASSET_SYMBOL_EXTENSIONS = YES;
				CLANG_ANALYZER_NONNULL = YES;
				CLANG_ANALYZER_NUMBER_OBJECT_CONVERSION = YES_AGGRESSIVE;
				CLANG_CXX_LANGUAGE_STANDARD = "gnu++20";
				CLANG_ENABLE_MODULES = YES;
				CLANG_ENABLE_OBJC_ARC = YES;
				CLANG_ENABLE_OBJC_WEAK = YES;
				CLANG_WARN_BLOCK_CAPTURE_AUTORELEASING = YES;
				CLANG_WARN_BOOL_CONVERSION = YES;
				CLANG_WARN_COMMA = YES;
				CLANG_WARN_CONSTANT_CONVERSION = YES;
				CLANG_WARN_DEPRECATED_OBJC_IMPLEMENTATIONS = YES;
				CLANG_WARN_DIRECT_OBJC_ISA_USAGE = YES_ERROR;
				CLANG_WARN_DOCUMENTATION_COMMENTS = YES;
				CLANG_WARN_EMPTY_BODY = YES;
				CLANG_WARN_ENUM_CONVERSION = YES;
				CLANG_WARN_INFINITE_RECURSION = YES;
				CLANG_WARN_INT_CONVERSION = YES;
				CLANG_WARN_NON_LITERAL_NULL_CONVERSION = YES;
				CLANG_WARN_OBJC_IMPLICIT_RETAIN_SELF = YES;
				CLANG_WARN_OBJC_LITERAL_CONVERSION = YES;
				CLANG_WARN_OBJC_ROOT_CLASS = YES_ERROR;
				CLANG_WARN_QUOTED_INCLUDE_IN_FRAMEWORK_HEADER = YES;
				CLANG_WARN_RANGE_LOOP_ANALYSIS = YES;
				CLANG_WARN_STRICT_PROTOTYPES = YES;
				CLANG_WARN_SUSPICIOUS_MOVE = YES;
				CLANG_WARN_UNGUARDED_AVAILABILITY = YES_AGGRESSIVE;
				CLANG_WARN_UNREACHABLE_CODE = YES;
				CLANG_WARN__DUPLICATE_METHOD_MATCH = YES;
				COPY_PHASE_STRIP = NO;
				DEBUG_INFORMATION_FORMAT = dwarf;
				ENABLE_STRICT_OBJC_MSGSEND = YES;
				ENABLE_TESTABILITY = YES;
				ENABLE_USER_SCRIPT_SANDBOXING = YES;
				GCC_C_LANGUAGE_STANDARD = gnu17;
				GCC_DYNAMIC_NO_PIC = NO;
				GCC_NO_COMMON_BLOCKS = YES;
				GCC_OPTIMIZATION_LEVEL = 0;
				GCC_PREPROCESSOR_DEFINITIONS = (
					"DEBUG=1",
					"$(inherited)",
				);
				GCC_WARN_64_TO_32_BIT_CONVERSION = YES;
				GCC_WARN_ABOUT_RETURN_TYPE = YES_ERROR;
				GCC_WARN_UNDECLARED_SELECTOR = YES;
				GCC_WARN_UNINITIALIZED_AUTOS = YES_AGGRESSIVE;
				GCC_WARN_UNUSED_FUNCTION = YES;
				GCC_WARN_UNUSED_VARIABLE = YES;
				IPHONEOS_DEPLOYMENT_TARGET = 18.0;
				LOCALIZATION_PREFERS_STRING_CATALOGS = YES;
				MTL_ENABLE_DEBUG_INFO = INCLUDE_SOURCE;
				MTL_FAST_MATH = YES;
				ONLY_ACTIVE_ARCH = YES;
				SDKROOT = iphoneos;
				SWIFT_ACTIVE_COMPILATION_CONDITIONS = "DEBUG $(inherited)";
				SWIFT_OPTIMIZATION_LEVEL = "-Onone";
			};
			name = Debug;
		};
		AF6C92FD2DB543DD0064B41F /* Release */ = {
			isa = XCBuildConfiguration;
			buildSettings = {
				ALWAYS_SEARCH_USER_PATHS = NO;
				ASSETCATALOG_COMPILER_GENERATE_SWIFT_ASSET_SYMBOL_EXTENSIONS = YES;
				CLANG_ANALYZER_NONNULL = YES;
				CLANG_ANALYZER_NUMBER_OBJECT_CONVERSION = YES_AGGRESSIVE;
				CLANG_CXX_LANGUAGE_STANDARD = "gnu++20";
				CLANG_ENABLE_MODULES = YES;
				CLANG_ENABLE_OBJC_ARC = YES;
				CLANG_ENABLE_OBJC_WEAK = YES;
				CLANG_WARN_BLOCK_CAPTURE_AUTORELEASING = YES;
				CLANG_WARN_BOOL_CONVERSION = YES;
				CLANG_WARN_COMMA = YES;
				CLANG_WARN_CONSTANT_CONVERSION = YES;
				CLANG_WARN_DEPRECATED_OBJC_IMPLEMENTATIONS = YES;
				CLANG_WARN_DIRECT_OBJC_ISA_USAGE = YES_ERROR;
				CLANG_WARN_DOCUMENTATION_COMMENTS = YES;
				CLANG_WARN_EMPTY_BODY = YES;
				CLANG_WARN_ENUM_CONVERSION = YES;
				CLANG_WARN_INFINITE_RECURSION = YES;
				CLANG_WARN_INT_CONVERSION = YES;
				CLANG_WARN_NON_LITERAL_NULL_CONVERSION = YES;
				CLANG_WARN_OBJC_IMPLICIT_RETAIN_SELF = YES;
				CLANG_WARN_OBJC_LITERAL_CONVERSION = YES;
				CLANG_WARN_OBJC_ROOT_CLASS = YES_ERROR;
				CLANG_WARN_QUOTED_INCLUDE_IN_FRAMEWORK_HEADER = YES;
				CLANG_WARN_RANGE_LOOP_ANALYSIS = YES;
				CLANG_WARN_STRICT_PROTOTYPES = YES;
				CLANG_WARN_SUSPICIOUS_MOVE = YES;
				CLANG_WARN_UNGUARDED_AVAILABILITY = YES_AGGRESSIVE;
				CLANG_WARN_UNREACHABLE_CODE = YES;
				CLANG_WARN__DUPLICATE_METHOD_MATCH = YES;
				COPY_PHASE_STRIP = NO;
				DEBUG_INFORMATION_FORMAT = "dwarf-with-dsym";
				ENABLE_NS_ASSERTIONS = NO;
				ENABLE_STRICT_OBJC_MSGSEND = YES;
				ENABLE_USER_SCRIPT_SANDBOXING = YES;
				GCC_C_LANGUAGE_STANDARD = gnu17;
				GCC_NO_COMMON_BLOCKS = YES;
				GCC_WARN_64_TO_32_BIT_CONVERSION = YES;
				GCC_WARN_ABOUT_RETURN_TYPE = YES_ERROR;
				GCC_WARN_UNDECLARED_SELECTOR = YES;
				GCC_WARN_UNINITIALIZED_AUTOS = YES_AGGRESSIVE;
				GCC_WARN_UNUSED_FUNCTION = YES;
				GCC_WARN_UNUSED_VARIABLE = YES;
				IPHONEOS_DEPLOYMENT_TARGET = 18.0;
				LOCALIZATION_PREFERS_STRING_CATALOGS = YES;
				MTL_ENABLE_DEBUG_INFO = NO;
				MTL_FAST_MATH = YES;
				SDKROOT = iphoneos;
				SWIFT_COMPILATION_MODE = wholemodule;
				VALIDATE_PRODUCT = YES;
			};
			name = Release;
		};
		AF6C92FF2DB543DD0064B41F /* Debug */ = {
			isa = XCBuildConfiguration;
			buildSettings = {
				ASSETCATALOG_COMPILER_APPICON_NAME = AppIcon;
				ASSETCATALOG_COMPILER_GLOBAL_ACCENT_COLOR_NAME = AccentColor;
				CODE_SIGN_STYLE = Automatic;
				CURRENT_PROJECT_VERSION = 1;
				DEVELOPMENT_ASSET_PATHS = "\"Culminating Task NHL player Stats/Preview Content\"";
				DEVELOPMENT_TEAM = 4UG443984D;
				ENABLE_PREVIEWS = YES;
				GENERATE_INFOPLIST_FILE = YES;
				INFOPLIST_KEY_UIApplicationSceneManifest_Generation = YES;
				INFOPLIST_KEY_UIApplicationSupportsIndirectInputEvents = YES;
				INFOPLIST_KEY_UILaunchScreen_Generation = YES;
				INFOPLIST_KEY_UISupportedInterfaceOrientations_iPad = "UIInterfaceOrientationPortrait UIInterfaceOrientationPortraitUpsideDown UIInterfaceOrientationLandscapeLeft UIInterfaceOrientationLandscapeRight";
				INFOPLIST_KEY_UISupportedInterfaceOrientations_iPhone = "UIInterfaceOrientationPortrait UIInterfaceOrientationLandscapeLeft UIInterfaceOrientationLandscapeRight";
				IPHONEOS_DEPLOYMENT_TARGET = 18.0;
				LD_RUNPATH_SEARCH_PATHS = (
					"$(inherited)",
					"@executable_path/Frameworks",
				);
				MARKETING_VERSION = 1.0;
				PRODUCT_BUNDLE_IDENTIFIER = "ca.thomaschao.Culminating-Task-NHL-player-Stats";
				PRODUCT_NAME = "$(TARGET_NAME)";
				SWIFT_EMIT_LOC_STRINGS = YES;
				SWIFT_VERSION = 5.0;
				TARGETED_DEVICE_FAMILY = "1,2";
			};
			name = Debug;
		};
		AF6C93002DB543DD0064B41F /* Release */ = {
			isa = XCBuildConfiguration;
			buildSettings = {
				ASSETCATALOG_COMPILER_APPICON_NAME = AppIcon;
				ASSETCATALOG_COMPILER_GLOBAL_ACCENT_COLOR_NAME = AccentColor;
				CODE_SIGN_STYLE = Automatic;
				CURRENT_PROJECT_VERSION = 1;
				DEVELOPMENT_ASSET_PATHS = "\"Culminating Task NHL player Stats/Preview Content\"";
				DEVELOPMENT_TEAM = 4UG443984D;
				ENABLE_PREVIEWS = YES;
				GENERATE_INFOPLIST_FILE = YES;
				INFOPLIST_KEY_UIApplicationSceneManifest_Generation = YES;
				INFOPLIST_KEY_UIApplicationSupportsIndirectInputEvents = YES;
				INFOPLIST_KEY_UILaunchScreen_Generation = YES;
				INFOPLIST_KEY_UISupportedInterfaceOrientations_iPad = "UIInterfaceOrientationPortrait UIInterfaceOrientationPortraitUpsideDown UIInterfaceOrientationLandscapeLeft UIInterfaceOrientationLandscapeRight";
				INFOPLIST_KEY_UISupportedInterfaceOrientations_iPhone = "UIInterfaceOrientationPortrait UIInterfaceOrientationLandscapeLeft UIInterfaceOrientationLandscapeRight";
				IPHONEOS_DEPLOYMENT_TARGET = 18.0;
				LD_RUNPATH_SEARCH_PATHS = (
					"$(inherited)",
					"@executable_path/Frameworks",
				);
				MARKETING_VERSION = 1.0;
				PRODUCT_BUNDLE_IDENTIFIER = "ca.thomaschao.Culminating-Task-NHL-player-Stats";
				PRODUCT_NAME = "$(TARGET_NAME)";
				SWIFT_EMIT_LOC_STRINGS = YES;
				SWIFT_VERSION = 5.0;
				TARGETED_DEVICE_FAMILY = "1,2";
			};
			name = Release;
		};
/* End XCBuildConfiguration section */

/* Begin XCConfigurationList section */
		AF6C92EB2DB543D90064B41F /* Build configuration list for PBXProject "Culminating Task NHL player Stats" */ = {
			isa = XCConfigurationList;
			buildConfigurations = (
				AF6C92FC2DB543DD0064B41F /* Debug */,
				AF6C92FD2DB543DD0064B41F /* Release */,
			);
			defaultConfigurationIsVisible = 0;
			defaultConfigurationName = Release;
		};
		AF6C92FE2DB543DD0064B41F /* Build configuration list for PBXNativeTarget "Culminating Task NHL player Stats" */ = {
			isa = XCConfigurationList;
			buildConfigurations = (
				AF6C92FF2DB543DD0064B41F /* Debug */,
				AF6C93002DB543DD0064B41F /* Release */,
			);
			defaultConfigurationIsVisible = 0;
			defaultConfigurationName = Release;
		};
/* End XCConfigurationList section */
	};
	rootObject = AF6C92E82DB543D90064B41F /* Project object */;
}
